hash: 5aaf865024c21de0c0651cebe7a38e767bb128e68af7e83826d6edb817c8f297
updated: 2017-03-01T12:38:39.877426348+05:30
imports:
- name: github.com/ContinuumLLC/platform-api-model
  version: e3fc16ffd15224ba0146071c61f70105cd82a387
  subpackages:
  - clients/model/Golang/resourceModel/asset
- name: github.com/ContinuumLLC/platform-common-lib
  version: 0f25edd252732208ae74804db6027ac88eef699a
  subpackages:
  - src/clar
  - src/clar/mock
  - src/env
  - src/env/mock
  - src/exception
  - src/json
  - src/json/mock
  - src/logging
  - src/plugin/protocol
  - src/plugin/protocol/http
  - src/pluginUtils
  - src/procParser
  - src/procParser/mock
  - src/plugin/wmi
- name: github.com/golang/mock
  version: 13f360950a79f5864a972c786a10a50e44b69541
  subpackages:
  - gomock
- name: github.com/gorilla/context
  version: 08b5f424b9271eedf6f9f0ce86cb9396ed337a42
- name: github.com/gorilla/mux
  version: 392c28fe23e1c45ddba891b0320b3b5df220beea
- name: github.com/pkg/errors
  version: 645ef00459ed84a119197bfb8d8205042c6df63d
- name: github.com/shirou/gopsutil
  repo: https://github.com/ContinuumLLC/godep-shirou-gopsutil
  version: 57a912da40cbb85c3a2454e90daffc3c9d1b5d85
  subpackages:
  - host
- name: github.com/go-ole/go-ole
  version: de8695c8edbf8236f30d6e1376e20b198a028d42
  subpackages:
  - oleutil
- name: github.com/StackExchange/wmi
  version: cdffdb33acae0e14efff2628f9bae377b597840e
- name: github.com/shirou/w32
  version: bb4de0191aa41b5507caa14b0650cdbddcd9280b
- name: golang.org/x/sys
  version: 8b4580aae2a0dd0c231a45d3ccb8434ff533b840
  subpackages:
  - windows
  - unix
testImports: []
